{
  "name": "kami-batch",
  "version": "2.0.4",
  "lockfileVersion": 1,
  "requires": true,
  "dependencies": {
    "gl-matrix": {
      "version": "2.8.1",
      "resolved": "https://registry.npmjs.org/gl-matrix/-/gl-matrix-2.8.1.tgz",
      "integrity": "sha512-0YCjVpE3pS5XWlN3J4X7AiAx65+nqAI54LndtVFnQZB6G/FVLkZH8y8V6R3cIoOQR4pUdfwQGd1iwyoXHJ4Qfw=="
    },
    "kami-base-batch": {
      "version": "1.0.5",
      "resolved": "https://registry.npmjs.org/kami-base-batch/-/kami-base-batch-1.0.5.tgz",
      "integrity": "sha1-2p/h6E2i6i3qYNP5boy46fn8XFw=",
      "requires": {
        "kami-mesh-buffer": "1.0.6",
        "kami-util": "1.1.2",
        "klasse": "1.0.9",
        "number-util": "1.0.3"
      }
    },
    "kami-mesh-buffer": {
      "version": "1.0.6",
      "resolved": "https://registry.npmjs.org/kami-mesh-buffer/-/kami-mesh-buffer-1.0.6.tgz",
      "integrity": "sha1-NJMLt4Jt4o2thaCwjjif4DCjeG4=",
      "requires": {
        "kami-util": "1.1.2",
        "klasse": "1.0.9"
      }
    },
    "kami-shader": {
      "version": "1.0.10",
      "resolved": "https://registry.npmjs.org/kami-shader/-/kami-shader-1.0.10.tgz",
      "integrity": "sha1-q2/vN0deu/hoR1BWpPd/tupFMMs=",
      "requires": {
        "kami-util": "1.1.2",
        "klasse": "1.0.9",
        "webgl-compile-shader": "2.3.9"
      }
    },
    "kami-util": {
      "version": "1.1.2",
      "resolved": "https://registry.npmjs.org/kami-util/-/kami-util-1.1.2.tgz",
      "integrity": "sha1-rGedKKGGqhTUj8s1w0yzVTOzuFk="
    },
    "klasse": {
      "version": "1.0.9",
      "resolved": "https://registry.npmjs.org/klasse/-/klasse-1.0.9.tgz",
      "integrity": "sha1-dTmIGxsU1EHZ9xocUzhjV+14yeg="
    },
    "number-util": {
      "version": "1.0.3",
      "resolved": "https://registry.npmjs.org/number-util/-/number-util-1.0.3.tgz",
      "integrity": "sha1-o4LkJFr42n9UpV9A8xE5uBMrVhE="
    },
    "webgl-compile-shader": {
      "version": "2.3.9",
      "resolved": "https://registry.npmjs.org/webgl-compile-shader/-/webgl-compile-shader-2.3.9.tgz",
      "integrity": "sha1-WItazNmHpR5aMCD2Sg+fI+w6qaE=",
      "requires": {
        "webgl-context": "1.2.1"
      }
    },
    "webgl-context": {
      "version": "1.2.1",
      "resolved": "https://registry.npmjs.org/webgl-context/-/webgl-context-1.2.1.tgz",
      "integrity": "sha1-irll7R8AajK4Z0H4vs0N7TKtUmw="
    }
  }
}
